{
    "hash": "a9604e2cb2db68e62d42ed671ae9fb5a",
    "packages": [
        {
            "package": "icecave/visita",
            "version": "0.1.0"
        }
    ],
    "packages-dev": [
        {
            "package": "phake/phake",
            "version": "v1.0.3"
        }
    ],
    "aliases": [

    ],
    "minimum-stability": "stable",
    "stability-flags": [

    ]
}
